// !$*UTF8*$!
{
	archiveVersion = 1;
	classes = {
	};
	objectVersion = 56;
	objects = {

/* Begin PBXBuildFile section */
		0701C0DD2BE5124800FC74C7 /* MainTabView.swift in Sources */ = {isa = PBXBuildFile; fileRef = 0701C0DC2BE5124800FC74C7 /* MainTabView.swift */; };
		0701C0DF2BE512D900FC74C7 /* TabViewModel.swift in Sources */ = {isa = PBXBuildFile; fileRef = 0701C0DE2BE512D900FC74C7 /* TabViewModel.swift */; };
		0701C0E52BE519DB00FC74C7 /* ChatView.swift in Sources */ = {isa = PBXBuildFile; fileRef = 0701C0E42BE519DB00FC74C7 /* ChatView.swift */; };
		0701C0E72BE51A0600FC74C7 /* RoleView.swift in Sources */ = {isa = PBXBuildFile; fileRef = 0701C0E62BE51A0600FC74C7 /* RoleView.swift */; };
		0701C0E92BE51A2000FC74C7 /* ScenarioView.swift in Sources */ = {isa = PBXBuildFile; fileRef = 0701C0E82BE51A2000FC74C7 /* ScenarioView.swift */; };
		0701C0EB2BE51A3F00FC74C7 /* SettingsView.swift in Sources */ = {isa = PBXBuildFile; fileRef = 0701C0EA2BE51A3F00FC74C7 /* SettingsView.swift */; };
		0701C0F02BE51BAE00FC74C7 /* OpenAISwift in Frameworks */ = {isa = PBXBuildFile; productRef = 0701C0EF2BE51BAE00FC74C7 /* OpenAISwift */; };
		0701C0F22BE5207D00FC74C7 /* View+Extensions.swift in Sources */ = {isa = PBXBuildFile; fileRef = 0701C0F12BE5207D00FC74C7 /* View+Extensions.swift */; };
		74DB3AC72AC0538E007C6319 /* ChatGPTDemoApp.swift in Sources */ = {isa = PBXBuildFile; fileRef = 74DB3AC62AC0538E007C6319 /* ChatGPTDemoApp.swift */; };
		74DB3ACB2AC05391007C6319 /* Assets.xcassets in Resources */ = {isa = PBXBuildFile; fileRef = 74DB3ACA2AC05391007C6319 /* Assets.xcassets */; };
		74DB3ACE2AC05391007C6319 /* Preview Assets.xcassets in Resources */ = {isa = PBXBuildFile; fileRef = 74DB3ACD2AC05391007C6319 /* Preview Assets.xcassets */; };
		74DB3AD82AC06C2E007C6319 /* ChatViewModel.swift in Sources */ = {isa = PBXBuildFile; fileRef = 74DB3AD72AC06C2E007C6319 /* ChatViewModel.swift */; };
		97A24BEA2BE5215400E716B8 /* DuckyImages.swift in Sources */ = {isa = PBXBuildFile; fileRef = 97A24BE92BE5215400E716B8 /* DuckyImages.swift */; };
		97A24BED2BE5223C00E716B8 /* AnimatedSprite.swift in Sources */ = {isa = PBXBuildFile; fileRef = 97A24BEC2BE5223C00E716B8 /* AnimatedSprite.swift */; };
		C7E281872BE4FDD5001B528A /* OpenAISwift in Frameworks */ = {isa = PBXBuildFile; productRef = C7E281862BE4FDD5001B528A /* OpenAISwift */; };

		C7E2818C2BE5166A001B528A /* AgentRole.swift in Sources */ = {isa = PBXBuildFile; fileRef = C7E2818B2BE5166A001B528A /* AgentRole.swift */; };
		C7E2818E2BE51726001B528A /* AgentsManager.swift in Sources */ = {isa = PBXBuildFile; fileRef = C7E2818D2BE51726001B528A /* AgentsManager.swift */; };
		ED6668F92BE51C3300DBA9E5 /* Phase.swift in Sources */ = {isa = PBXBuildFile; fileRef = ED6668F62BE51C3300DBA9E5 /* Phase.swift */; };
		ED6668FA2BE51C3300DBA9E5 /* Action.swift in Sources */ = {isa = PBXBuildFile; fileRef = ED6668F72BE51C3300DBA9E5 /* Action.swift */; };
		ED6668FB2BE51C3300DBA9E5 /* Scenario.swift in Sources */ = {isa = PBXBuildFile; fileRef = ED6668F82BE51C3300DBA9E5 /* Scenario.swift */; };
/* End PBXBuildFile section */

/* Begin PBXFileReference section */
		0701C0DC2BE5124800FC74C7 /* MainTabView.swift */ = {isa = PBXFileReference; lastKnownFileType = sourcecode.swift; path = MainTabView.swift; sourceTree = "<group>"; };
		0701C0DE2BE512D900FC74C7 /* TabViewModel.swift */ = {isa = PBXFileReference; lastKnownFileType = sourcecode.swift; path = TabViewModel.swift; sourceTree = "<group>"; };
		0701C0E42BE519DB00FC74C7 /* ChatView.swift */ = {isa = PBXFileReference; lastKnownFileType = sourcecode.swift; path = ChatView.swift; sourceTree = "<group>"; };
		0701C0E62BE51A0600FC74C7 /* RoleView.swift */ = {isa = PBXFileReference; lastKnownFileType = sourcecode.swift; path = RoleView.swift; sourceTree = "<group>"; };
		0701C0E82BE51A2000FC74C7 /* ScenarioView.swift */ = {isa = PBXFileReference; lastKnownFileType = sourcecode.swift; path = ScenarioView.swift; sourceTree = "<group>"; };
		0701C0EA2BE51A3F00FC74C7 /* SettingsView.swift */ = {isa = PBXFileReference; lastKnownFileType = sourcecode.swift; path = SettingsView.swift; sourceTree = "<group>"; };
		0701C0F12BE5207D00FC74C7 /* View+Extensions.swift */ = {isa = PBXFileReference; lastKnownFileType = sourcecode.swift; path = "View+Extensions.swift"; sourceTree = "<group>"; };
		74DB3AC32AC0538E007C6319 /* ChatGPTDemo.app */ = {isa = PBXFileReference; explicitFileType = wrapper.application; includeInIndex = 0; path = ChatGPTDemo.app; sourceTree = BUILT_PRODUCTS_DIR; };
		74DB3AC62AC0538E007C6319 /* ChatGPTDemoApp.swift */ = {isa = PBXFileReference; lastKnownFileType = sourcecode.swift; path = ChatGPTDemoApp.swift; sourceTree = "<group>"; };
		74DB3ACA2AC05391007C6319 /* Assets.xcassets */ = {isa = PBXFileReference; lastKnownFileType = folder.assetcatalog; path = Assets.xcassets; sourceTree = "<group>"; };
		74DB3ACD2AC05391007C6319 /* Preview Assets.xcassets */ = {isa = PBXFileReference; lastKnownFileType = folder.assetcatalog; path = "Preview Assets.xcassets"; sourceTree = "<group>"; };
		74DB3AD72AC06C2E007C6319 /* ChatViewModel.swift */ = {isa = PBXFileReference; lastKnownFileType = sourcecode.swift; path = ChatViewModel.swift; sourceTree = "<group>"; };
		97A24BE92BE5215400E716B8 /* DuckyImages.swift */ = {isa = PBXFileReference; fileEncoding = 4; lastKnownFileType = sourcecode.swift; path = DuckyImages.swift; sourceTree = "<group>"; };
		97A24BEC2BE5223C00E716B8 /* AnimatedSprite.swift */ = {isa = PBXFileReference; fileEncoding = 4; lastKnownFileType = sourcecode.swift; path = AnimatedSprite.swift; sourceTree = "<group>"; };
		C7E281842BE4FDBE001B528A /* OpenAISwift-main */ = {isa = PBXFileReference; lastKnownFileType = wrapper; path = "OpenAISwift-main"; sourceTree = SOURCE_ROOT; };
		C7E2818B2BE5166A001B528A /* AgentRole.swift */ = {isa = PBXFileReference; fileEncoding = 4; lastKnownFileType = sourcecode.swift; path = AgentRole.swift; sourceTree = "<group>"; };
		C7E2818D2BE51726001B528A /* AgentsManager.swift */ = {isa = PBXFileReference; lastKnownFileType = sourcecode.swift; path = AgentsManager.swift; sourceTree = "<group>"; };
		ED6668F62BE51C3300DBA9E5 /* Phase.swift */ = {isa = PBXFileReference; fileEncoding = 4; lastKnownFileType = sourcecode.swift; path = Phase.swift; sourceTree = "<group>"; };
		ED6668F72BE51C3300DBA9E5 /* Action.swift */ = {isa = PBXFileReference; fileEncoding = 4; lastKnownFileType = sourcecode.swift; path = Action.swift; sourceTree = "<group>"; };
		ED6668F82BE51C3300DBA9E5 /* Scenario.swift */ = {isa = PBXFileReference; fileEncoding = 4; lastKnownFileType = sourcecode.swift; path = Scenario.swift; sourceTree = "<group>"; };
/* End PBXFileReference section */

/* Begin PBXFrameworksBuildPhase section */
		74DB3AC02AC0538E007C6319 /* Frameworks */ = {
			isa = PBXFrameworksBuildPhase;
			buildActionMask = 2147483647;
			files = (
				0701C0F02BE51BAE00FC74C7 /* OpenAISwift in Frameworks */,
			);
			runOnlyForDeploymentPostprocessing = 0;
		};
/* End PBXFrameworksBuildPhase section */

/* Begin PBXGroup section */
		0701C0DB2BE511E500FC74C7 /* TabView */ = {
			isa = PBXGroup;
			children = (
				0701C0E32BE519A300FC74C7 /* SettingsView */,
				0701C0E22BE5199C00FC74C7 /* ScenarioView */,
				0701C0E12BE5199500FC74C7 /* RoleView */,
				0701C0E02BE5198100FC74C7 /* ChatView */,
				0701C0DC2BE5124800FC74C7 /* MainTabView.swift */,
				0701C0DE2BE512D900FC74C7 /* TabViewModel.swift */,
			);
			path = TabView;
			sourceTree = "<group>";
		};
		0701C0E02BE5198100FC74C7 /* ChatView */ = {
			isa = PBXGroup;
			children = (
				0701C0E42BE519DB00FC74C7 /* ChatView.swift */,
			);
			path = ChatView;
			sourceTree = "<group>";
		};
		0701C0E12BE5199500FC74C7 /* RoleView */ = {
			isa = PBXGroup;
			children = (
				0701C0E62BE51A0600FC74C7 /* RoleView.swift */,
			);
			path = RoleView;
			sourceTree = "<group>";
		};
		0701C0E22BE5199C00FC74C7 /* ScenarioView */ = {
			isa = PBXGroup;
			children = (
				0701C0E82BE51A2000FC74C7 /* ScenarioView.swift */,
			);
			path = ScenarioView;
			sourceTree = "<group>";
		};
		0701C0E32BE519A300FC74C7 /* SettingsView */ = {
			isa = PBXGroup;
			children = (
				0701C0EA2BE51A3F00FC74C7 /* SettingsView.swift */,
			);
			path = SettingsView;
			sourceTree = "<group>";
		};
		74DB3ABA2AC0538E007C6319 = {
			isa = PBXGroup;
			children = (
				C7E281842BE4FDBE001B528A /* OpenAISwift-main */,
				74DB3AC52AC0538E007C6319 /* ChatGPTDemo */,
				74DB3AC42AC0538E007C6319 /* Products */,
				C7E281852BE4FDD5001B528A /* Frameworks */,
			);
			sourceTree = "<group>";
		};
		74DB3AC42AC0538E007C6319 /* Products */ = {
			isa = PBXGroup;
			children = (
				74DB3AC32AC0538E007C6319 /* ChatGPTDemo.app */,
			);
			name = Products;
			sourceTree = "<group>";
		};
		74DB3AC52AC0538E007C6319 /* ChatGPTDemo */ = {
			isa = PBXGroup;
			children = (
				97A24BEB2BE5223500E716B8 /* UI */,
				97A24BE82BE5214300E716B8 /* Resources */,
				C7E281882BE5163C001B528A /* Model */,
				0701C0DB2BE511E500FC74C7 /* TabView */,
				74DB3AC62AC0538E007C6319 /* ChatGPTDemoApp.swift */,
				0701C0F12BE5207D00FC74C7 /* View+Extensions.swift */,
				74DB3AD72AC06C2E007C6319 /* ChatViewModel.swift */,
				74DB3ACA2AC05391007C6319 /* Assets.xcassets */,
				74DB3ACC2AC05391007C6319 /* Preview Content */,
			);
			path = ChatGPTDemo;
			sourceTree = "<group>";
		};
		74DB3ACC2AC05391007C6319 /* Preview Content */ = {
			isa = PBXGroup;
			children = (
				74DB3ACD2AC05391007C6319 /* Preview Assets.xcassets */,
			);
			path = "Preview Content";
			sourceTree = "<group>";
		};
		97A24BE82BE5214300E716B8 /* Resources */ = {
			isa = PBXGroup;
			children = (
				97A24BE92BE5215400E716B8 /* DuckyImages.swift */,
			);
			path = Resources;
			sourceTree = "<group>";
		};
		97A24BEB2BE5223500E716B8 /* UI */ = {
			isa = PBXGroup;
			children = (
				97A24BEC2BE5223C00E716B8 /* AnimatedSprite.swift */,
			);
			path = UI;
			sourceTree = "<group>";
		};
		C7E281852BE4FDD5001B528A /* Frameworks */ = {
			isa = PBXGroup;
			children = (
			);
			name = Frameworks;
			sourceTree = "<group>";
		};
		C7E281882BE5163C001B528A /* Model */ = {
			isa = PBXGroup;
			children = (
				ED6668F72BE51C3300DBA9E5 /* Action.swift */,
				ED6668F62BE51C3300DBA9E5 /* Phase.swift */,
				ED6668F82BE51C3300DBA9E5 /* Scenario.swift */,
				C7E2818B2BE5166A001B528A /* AgentRole.swift */,
				C7E2818D2BE51726001B528A /* AgentsManager.swift */,
			);
			path = Model;
			sourceTree = "<group>";
		};
/* End PBXGroup section */

/* Begin PBXNativeTarget section */
		74DB3AC22AC0538E007C6319 /* ChatGPTDemo */ = {
			isa = PBXNativeTarget;
			buildConfigurationList = 74DB3AD12AC05391007C6319 /* Build configuration list for PBXNativeTarget "ChatGPTDemo" */;
			buildPhases = (
				74DB3ABF2AC0538E007C6319 /* Sources */,
				74DB3AC02AC0538E007C6319 /* Frameworks */,
				74DB3AC12AC0538E007C6319 /* Resources */,
			);
			buildRules = (
			);
			dependencies = (
			);
			name = ChatGPTDemo;
			packageProductDependencies = (
				0701C0EF2BE51BAE00FC74C7 /* OpenAISwift */,
			);
			productName = ChatGPTDemo;
			productReference = 74DB3AC32AC0538E007C6319 /* ChatGPTDemo.app */;
			productType = "com.apple.product-type.application";
		};
/* End PBXNativeTarget section */

/* Begin PBXProject section */
		74DB3ABB2AC0538E007C6319 /* Project object */ = {
			isa = PBXProject;
			attributes = {
				BuildIndependentTargetsInParallel = 1;
				LastSwiftUpdateCheck = 1420;
				LastUpgradeCheck = 1530;
				TargetAttributes = {
					74DB3AC22AC0538E007C6319 = {
						CreatedOnToolsVersion = 14.2;
					};
				};
			};
			buildConfigurationList = 74DB3ABE2AC0538E007C6319 /* Build configuration list for PBXProject "ChatGPTDemo" */;
			compatibilityVersion = "Xcode 14.0";
			developmentRegion = en;
			hasScannedForEncodings = 0;
			knownRegions = (
				en,
				Base,
			);
			mainGroup = 74DB3ABA2AC0538E007C6319;
			packageReferences = (
				0701C0EC2BE51B8700FC74C7 /* XCRemoteSwiftPackageReference "OpenAI" */,
			);
			productRefGroup = 74DB3AC42AC0538E007C6319 /* Products */;
			projectDirPath = "";
			projectRoot = "";
			targets = (
				74DB3AC22AC0538E007C6319 /* ChatGPTDemo */,
			);
		};
/* End PBXProject section */

/* Begin PBXResourcesBuildPhase section */
		74DB3AC12AC0538E007C6319 /* Resources */ = {
			isa = PBXResourcesBuildPhase;
			buildActionMask = 2147483647;
			files = (
				74DB3ACE2AC05391007C6319 /* Preview Assets.xcassets in Resources */,
				74DB3ACB2AC05391007C6319 /* Assets.xcassets in Resources */,
			);
			runOnlyForDeploymentPostprocessing = 0;
		};
/* End PBXResourcesBuildPhase section */

/* Begin PBXSourcesBuildPhase section */
		74DB3ABF2AC0538E007C6319 /* Sources */ = {
			isa = PBXSourcesBuildPhase;
			buildActionMask = 2147483647;
			files = (
				74DB3AD82AC06C2E007C6319 /* ChatViewModel.swift in Sources */,
				C7E2818E2BE51726001B528A /* AgentsManager.swift in Sources */,
				74DB3AC72AC0538E007C6319 /* ChatGPTDemoApp.swift in Sources */,
				97A24BEA2BE5215400E716B8 /* DuckyImages.swift in Sources */,
				ED6668FA2BE51C3300DBA9E5 /* Action.swift in Sources */,
				ED6668FB2BE51C3300DBA9E5 /* Scenario.swift in Sources */,
				97A24BED2BE5223C00E716B8 /* AnimatedSprite.swift in Sources */,
				C7E2818C2BE5166A001B528A /* AgentRole.swift in Sources */,
				ED6668F92BE51C3300DBA9E5 /* Phase.swift in Sources */,
				0701C0E72BE51A0600FC74C7 /* RoleView.swift in Sources */,
				0701C0EB2BE51A3F00FC74C7 /* SettingsView.swift in Sources */,
				0701C0DD2BE5124800FC74C7 /* MainTabView.swift in Sources */,
				0701C0E92BE51A2000FC74C7 /* ScenarioView.swift in Sources */,
				74DB3AC72AC0538E007C6319 /* ChatGPTDemoApp.swift in Sources */,
				0701C0E52BE519DB00FC74C7 /* ChatView.swift in Sources */,
				0701C0F22BE5207D00FC74C7 /* View+Extensions.swift in Sources */,
				0701C0DF2BE512D900FC74C7 /* TabViewModel.swift in Sources */,
			);
			runOnlyForDeploymentPostprocessing = 0;
		};
/* End PBXSourcesBuildPhase section */

/* Begin XCBuildConfiguration section */
		74DB3ACF2AC05391007C6319 /* Debug */ = {
			isa = XCBuildConfiguration;
			buildSettings = {
				ALWAYS_SEARCH_USER_PATHS = NO;
				CLANG_ANALYZER_NONNULL = YES;
				CLANG_ANALYZER_NUMBER_OBJECT_CONVERSION = YES_AGGRESSIVE;
				CLANG_CXX_LANGUAGE_STANDARD = "gnu++20";
				CLANG_ENABLE_MODULES = YES;
				CLANG_ENABLE_OBJC_ARC = YES;
				CLANG_ENABLE_OBJC_WEAK = YES;
				CLANG_WARN_BLOCK_CAPTURE_AUTORELEASING = YES;
				CLANG_WARN_BOOL_CONVERSION = YES;
				CLANG_WARN_COMMA = YES;
				CLANG_WARN_CONSTANT_CONVERSION = YES;
				CLANG_WARN_DEPRECATED_OBJC_IMPLEMENTATIONS = YES;
				CLANG_WARN_DIRECT_OBJC_ISA_USAGE = YES_ERROR;
				CLANG_WARN_DOCUMENTATION_COMMENTS = YES;
				CLANG_WARN_EMPTY_BODY = YES;
				CLANG_WARN_ENUM_CONVERSION = YES;
				CLANG_WARN_INFINITE_RECURSION = YES;
				CLANG_WARN_INT_CONVERSION = YES;
				CLANG_WARN_NON_LITERAL_NULL_CONVERSION = YES;
				CLANG_WARN_OBJC_IMPLICIT_RETAIN_SELF = YES;
				CLANG_WARN_OBJC_LITERAL_CONVERSION = YES;
				CLANG_WARN_OBJC_ROOT_CLASS = YES_ERROR;
				CLANG_WARN_QUOTED_INCLUDE_IN_FRAMEWORK_HEADER = YES;
				CLANG_WARN_RANGE_LOOP_ANALYSIS = YES;
				CLANG_WARN_STRICT_PROTOTYPES = YES;
				CLANG_WARN_SUSPICIOUS_MOVE = YES;
				CLANG_WARN_UNGUARDED_AVAILABILITY = YES_AGGRESSIVE;
				CLANG_WARN_UNREACHABLE_CODE = YES;
				CLANG_WARN__DUPLICATE_METHOD_MATCH = YES;
				COPY_PHASE_STRIP = NO;
				DEBUG_INFORMATION_FORMAT = dwarf;
				ENABLE_STRICT_OBJC_MSGSEND = YES;
				ENABLE_TESTABILITY = YES;
				ENABLE_USER_SCRIPT_SANDBOXING = YES;
				GCC_C_LANGUAGE_STANDARD = gnu11;
				GCC_DYNAMIC_NO_PIC = NO;
				GCC_NO_COMMON_BLOCKS = YES;
				GCC_OPTIMIZATION_LEVEL = 0;
				GCC_PREPROCESSOR_DEFINITIONS = (
					"DEBUG=1",
					"$(inherited)",
				);
				GCC_WARN_64_TO_32_BIT_CONVERSION = YES;
				GCC_WARN_ABOUT_RETURN_TYPE = YES_ERROR;
				GCC_WARN_UNDECLARED_SELECTOR = YES;
				GCC_WARN_UNINITIALIZED_AUTOS = YES_AGGRESSIVE;
				GCC_WARN_UNUSED_FUNCTION = YES;
				GCC_WARN_UNUSED_VARIABLE = YES;
				IPHONEOS_DEPLOYMENT_TARGET = 16.2;
				MTL_ENABLE_DEBUG_INFO = INCLUDE_SOURCE;
				MTL_FAST_MATH = YES;
				ONLY_ACTIVE_ARCH = YES;
				SDKROOT = iphoneos;
				SWIFT_ACTIVE_COMPILATION_CONDITIONS = DEBUG;
				SWIFT_OPTIMIZATION_LEVEL = "-Onone";
			};
			name = Debug;
		};
		74DB3AD02AC05391007C6319 /* Release */ = {
			isa = XCBuildConfiguration;
			buildSettings = {
				ALWAYS_SEARCH_USER_PATHS = NO;
				CLANG_ANALYZER_NONNULL = YES;
				CLANG_ANALYZER_NUMBER_OBJECT_CONVERSION = YES_AGGRESSIVE;
				CLANG_CXX_LANGUAGE_STANDARD = "gnu++20";
				CLANG_ENABLE_MODULES = YES;
				CLANG_ENABLE_OBJC_ARC = YES;
				CLANG_ENABLE_OBJC_WEAK = YES;
				CLANG_WARN_BLOCK_CAPTURE_AUTORELEASING = YES;
				CLANG_WARN_BOOL_CONVERSION = YES;
				CLANG_WARN_COMMA = YES;
				CLANG_WARN_CONSTANT_CONVERSION = YES;
				CLANG_WARN_DEPRECATED_OBJC_IMPLEMENTATIONS = YES;
				CLANG_WARN_DIRECT_OBJC_ISA_USAGE = YES_ERROR;
				CLANG_WARN_DOCUMENTATION_COMMENTS = YES;
				CLANG_WARN_EMPTY_BODY = YES;
				CLANG_WARN_ENUM_CONVERSION = YES;
				CLANG_WARN_INFINITE_RECURSION = YES;
				CLANG_WARN_INT_CONVERSION = YES;
				CLANG_WARN_NON_LITERAL_NULL_CONVERSION = YES;
				CLANG_WARN_OBJC_IMPLICIT_RETAIN_SELF = YES;
				CLANG_WARN_OBJC_LITERAL_CONVERSION = YES;
				CLANG_WARN_OBJC_ROOT_CLASS = YES_ERROR;
				CLANG_WARN_QUOTED_INCLUDE_IN_FRAMEWORK_HEADER = YES;
				CLANG_WARN_RANGE_LOOP_ANALYSIS = YES;
				CLANG_WARN_STRICT_PROTOTYPES = YES;
				CLANG_WARN_SUSPICIOUS_MOVE = YES;
				CLANG_WARN_UNGUARDED_AVAILABILITY = YES_AGGRESSIVE;
				CLANG_WARN_UNREACHABLE_CODE = YES;
				CLANG_WARN__DUPLICATE_METHOD_MATCH = YES;
				COPY_PHASE_STRIP = NO;
				DEBUG_INFORMATION_FORMAT = "dwarf-with-dsym";
				ENABLE_NS_ASSERTIONS = NO;
				ENABLE_STRICT_OBJC_MSGSEND = YES;
				ENABLE_USER_SCRIPT_SANDBOXING = YES;
				GCC_C_LANGUAGE_STANDARD = gnu11;
				GCC_NO_COMMON_BLOCKS = YES;
				GCC_WARN_64_TO_32_BIT_CONVERSION = YES;
				GCC_WARN_ABOUT_RETURN_TYPE = YES_ERROR;
				GCC_WARN_UNDECLARED_SELECTOR = YES;
				GCC_WARN_UNINITIALIZED_AUTOS = YES_AGGRESSIVE;
				GCC_WARN_UNUSED_FUNCTION = YES;
				GCC_WARN_UNUSED_VARIABLE = YES;
				IPHONEOS_DEPLOYMENT_TARGET = 16.2;
				MTL_ENABLE_DEBUG_INFO = NO;
				MTL_FAST_MATH = YES;
				SDKROOT = iphoneos;
				SWIFT_COMPILATION_MODE = wholemodule;
				SWIFT_OPTIMIZATION_LEVEL = "-O";
				VALIDATE_PRODUCT = YES;
			};
			name = Release;
		};
		74DB3AD22AC05391007C6319 /* Debug */ = {
			isa = XCBuildConfiguration;
			buildSettings = {
				ASSETCATALOG_COMPILER_APPICON_NAME = AppIcon;
				ASSETCATALOG_COMPILER_GLOBAL_ACCENT_COLOR_NAME = AccentColor;
				CODE_SIGN_STYLE = Automatic;
				CURRENT_PROJECT_VERSION = 1;
				DEVELOPMENT_ASSET_PATHS = "\"ChatGPTDemo/Preview Content\"";
				DEVELOPMENT_TEAM = "";
				ENABLE_PREVIEWS = YES;
				GENERATE_INFOPLIST_FILE = YES;
				INFOPLIST_KEY_UIApplicationSceneManifest_Generation = YES;
				INFOPLIST_KEY_UIApplicationSupportsIndirectInputEvents = YES;
				INFOPLIST_KEY_UILaunchScreen_Generation = YES;
				INFOPLIST_KEY_UISupportedInterfaceOrientations_iPad = "UIInterfaceOrientationPortrait UIInterfaceOrientationPortraitUpsideDown UIInterfaceOrientationLandscapeLeft UIInterfaceOrientationLandscapeRight";
				INFOPLIST_KEY_UISupportedInterfaceOrientations_iPhone = "UIInterfaceOrientationPortrait UIInterfaceOrientationLandscapeLeft UIInterfaceOrientationLandscapeRight";
				LD_RUNPATH_SEARCH_PATHS = (
					"$(inherited)",
					"@executable_path/Frameworks",
				);
				MARKETING_VERSION = 1.0;
				PRODUCT_BUNDLE_IDENTIFIER = com.sayed.ChatGPTDemo;
				PRODUCT_NAME = "$(TARGET_NAME)";
				SUPPORTED_PLATFORMS = "iphoneos iphonesimulator";
				SUPPORTS_MACCATALYST = NO;
				SUPPORTS_MAC_DESIGNED_FOR_IPHONE_IPAD = NO;
				SWIFT_EMIT_LOC_STRINGS = YES;
				SWIFT_VERSION = 5.0;
				TARGETED_DEVICE_FAMILY = 1;
			};
			name = Debug;
		};
		74DB3AD32AC05391007C6319 /* Release */ = {
			isa = XCBuildConfiguration;
			buildSettings = {
				ASSETCATALOG_COMPILER_APPICON_NAME = AppIcon;
				ASSETCATALOG_COMPILER_GLOBAL_ACCENT_COLOR_NAME = AccentColor;
				CODE_SIGN_STYLE = Automatic;
				CURRENT_PROJECT_VERSION = 1;
				DEVELOPMENT_ASSET_PATHS = "\"ChatGPTDemo/Preview Content\"";
				DEVELOPMENT_TEAM = "";
				ENABLE_PREVIEWS = YES;
				GENERATE_INFOPLIST_FILE = YES;
				INFOPLIST_KEY_UIApplicationSceneManifest_Generation = YES;
				INFOPLIST_KEY_UIApplicationSupportsIndirectInputEvents = YES;
				INFOPLIST_KEY_UILaunchScreen_Generation = YES;
				INFOPLIST_KEY_UISupportedInterfaceOrientations_iPad = "UIInterfaceOrientationPortrait UIInterfaceOrientationPortraitUpsideDown UIInterfaceOrientationLandscapeLeft UIInterfaceOrientationLandscapeRight";
				INFOPLIST_KEY_UISupportedInterfaceOrientations_iPhone = "UIInterfaceOrientationPortrait UIInterfaceOrientationLandscapeLeft UIInterfaceOrientationLandscapeRight";
				LD_RUNPATH_SEARCH_PATHS = (
					"$(inherited)",
					"@executable_path/Frameworks",
				);
				MARKETING_VERSION = 1.0;
				PRODUCT_BUNDLE_IDENTIFIER = com.sayed.ChatGPTDemo;
				PRODUCT_NAME = "$(TARGET_NAME)";
				SUPPORTED_PLATFORMS = "iphoneos iphonesimulator";
				SUPPORTS_MACCATALYST = NO;
				SUPPORTS_MAC_DESIGNED_FOR_IPHONE_IPAD = NO;
				SWIFT_EMIT_LOC_STRINGS = YES;
				SWIFT_VERSION = 5.0;
				TARGETED_DEVICE_FAMILY = 1;
			};
			name = Release;
		};
/* End XCBuildConfiguration section */

/* Begin XCConfigurationList section */
		74DB3ABE2AC0538E007C6319 /* Build configuration list for PBXProject "ChatGPTDemo" */ = {
			isa = XCConfigurationList;
			buildConfigurations = (
				74DB3ACF2AC05391007C6319 /* Debug */,
				74DB3AD02AC05391007C6319 /* Release */,
			);
			defaultConfigurationIsVisible = 0;
			defaultConfigurationName = Release;
		};
		74DB3AD12AC05391007C6319 /* Build configuration list for PBXNativeTarget "ChatGPTDemo" */ = {
			isa = XCConfigurationList;
			buildConfigurations = (
				74DB3AD22AC05391007C6319 /* Debug */,
				74DB3AD32AC05391007C6319 /* Release */,
			);
			defaultConfigurationIsVisible = 0;
			defaultConfigurationName = Release;
		};
/* End XCConfigurationList section */

/* Begin XCRemoteSwiftPackageReference section */
		0701C0EC2BE51B8700FC74C7 /* XCRemoteSwiftPackageReference "OpenAI" */ = {
			isa = XCRemoteSwiftPackageReference;
			repositoryURL = "https://github.com/MacPaw/OpenAI.git";
			requirement = {
				kind = upToNextMajorVersion;
				minimumVersion = 0.2.8;
			};
		};
/* End XCRemoteSwiftPackageReference section */

/* Begin XCSwiftPackageProductDependency section */
		0701C0EF2BE51BAE00FC74C7 /* OpenAISwift */ = {
			isa = XCSwiftPackageProductDependency;
			productName = OpenAISwift;
		};
/* End XCSwiftPackageProductDependency section */
	};
	rootObject = 74DB3ABB2AC0538E007C6319 /* Project object */;
}
